// !$*UTF8*$!
{
	archiveVersion = 1;
	classes = {
	};
	objectVersion = 46;
	objects = {

/* Begin PBXBuildFile section */
		AAD8F9EF14DC48CB0026A291 /* UIKit.framework in Frameworks */ = {isa = PBXBuildFile; fileRef = AAD8F9EE14DC48CB0026A291 /* UIKit.framework */; };
		AAD8F9F114DC48CB0026A291 /* Foundation.framework in Frameworks */ = {isa = PBXBuildFile; fileRef = AAD8F9F014DC48CB0026A291 /* Foundation.framework */; };
		AAD8F9F314DC48CB0026A291 /* CoreGraphics.framework in Frameworks */ = {isa = PBXBuildFile; fileRef = AAD8F9F214DC48CB0026A291 /* CoreGraphics.framework */; };
		AAD8F9F914DC48CB0026A291 /* InfoPlist.strings in Resources */ = {isa = PBXBuildFile; fileRef = AAD8F9F714DC48CB0026A291 /* InfoPlist.strings */; };
		AAD8F9FB14DC48CB0026A291 /* main.m in Sources */ = {isa = PBXBuildFile; fileRef = AAD8F9FA14DC48CB0026A291 /* main.m */; };
		AAD8F9FF14DC48CB0026A291 /* MKDAppDelegate.m in Sources */ = {isa = PBXBuildFile; fileRef = AAD8F9FE14DC48CB0026A291 /* MKDAppDelegate.m */; };
		AAD8FA0214DC48CB0026A291 /* MainStoryboard_iPhone.storyboard in Resources */ = {isa = PBXBuildFile; fileRef = AAD8FA0014DC48CB0026A291 /* MainStoryboard_iPhone.storyboard */; };
		AAD8FA0514DC48CB0026A291 /* MainStoryboard_iPad.storyboard in Resources */ = {isa = PBXBuildFile; fileRef = AAD8FA0314DC48CB0026A291 /* MainStoryboard_iPad.storyboard */; };
		AAD8FA0814DC48CB0026A291 /* MKDViewController.m in Sources */ = {isa = PBXBuildFile; fileRef = AAD8FA0714DC48CB0026A291 /* MKDViewController.m */; };
/* End PBXBuildFile section */

/* Begin PBXFileReference section */
		AAD8F9EA14DC48CB0026A291 /* HelloWorld.app */ = {isa = PBXFileReference; explicitFileType = wrapper.application; includeInIndex = 0; path = HelloWorld.app; sourceTree = BUILT_PRODUCTS_DIR; };
		AAD8F9EE14DC48CB0026A291 /* UIKit.framework */ = {isa = PBXFileReference; lastKnownFileType = wrapper.framework; name = UIKit.framework; path = System/Library/Frameworks/UIKit.framework; sourceTree = SDKROOT; };
		AAD8F9F014DC48CB0026A291 /* Foundation.framework */ = {isa = PBXFileReference; lastKnownFileType = wrapper.framework; name = Foundation.framework; path = System/Library/Frameworks/Foundation.framework; sourceTree = SDKROOT; };
		AAD8F9F214DC48CB0026A291 /* CoreGraphics.framework */ = {isa = PBXFileReference; lastKnownFileType = wrapper.framework; name = CoreGraphics.framework; path = System/Library/Frameworks/CoreGraphics.framework; sourceTree = SDKROOT; };
		AAD8F9F614DC48CB0026A291 /* HelloWorld-Info.plist */ = {isa = PBXFileReference; lastKnownFileType = text.plist.xml; path = "HelloWorld-Info.plist"; sourceTree = "<group>"; };
		AAD8F9F814DC48CB0026A291 /* en */ = {isa = PBXFileReference; lastKnownFileType = text.plist.strings; name = en; path = en.lproj/InfoPlist.strings; sourceTree = "<group>"; };
		AAD8F9FA14DC48CB0026A291 /* main.m */ = {isa = PBXFileReference; lastKnownFileType = sourcecode.c.objc; path = main.m; sourceTree = "<group>"; };
		AAD8F9FC14DC48CB0026A291 /* HelloWorld-Prefix.pch */ = {isa = PBXFileReference; lastKnownFileType = sourcecode.c.h; path = "HelloWorld-Prefix.pch"; sourceTree = "<group>"; };
		AAD8F9FD14DC48CB0026A291 /* MKDAppDelegate.h */ = {isa = PBXFileReference; lastKnownFileType = sourcecode.c.h; path = MKDAppDelegate.h; sourceTree = "<group>"; };
		AAD8F9FE14DC48CB0026A291 /* MKDAppDelegate.m */ = {isa = PBXFileReference; lastKnownFileType = sourcecode.c.objc; path = MKDAppDelegate.m; sourceTree = "<group>"; };
		AAD8FA0114DC48CB0026A291 /* en */ = {isa = PBXFileReference; lastKnownFileType = file.storyboard; name = en; path = en.lproj/MainStoryboard_iPhone.storyboard; sourceTree = "<group>"; };
		AAD8FA0414DC48CB0026A291 /* en */ = {isa = PBXFileReference; lastKnownFileType = file.storyboard; name = en; path = en.lproj/MainStoryboard_iPad.storyboard; sourceTree = "<group>"; };
		AAD8FA0614DC48CB0026A291 /* MKDViewController.h */ = {isa = PBXFileReference; lastKnownFileType = sourcecode.c.h; path = MKDViewController.h; sourceTree = "<group>"; };
		AAD8FA0714DC48CB0026A291 /* MKDViewController.m */ = {isa = PBXFileReference; lastKnownFileType = sourcecode.c.objc; path = MKDViewController.m; sourceTree = "<group>"; };
/* End PBXFileReference section */

/* Begin PBXFrameworksBuildPhase section */
		AAD8F9E714DC48CB0026A291 /* Frameworks */ = {
			isa = PBXFrameworksBuildPhase;
			buildActionMask = 2147483647;
			files = (
				AAD8F9EF14DC48CB0026A291 /* UIKit.framework in Frameworks */,
				AAD8F9F114DC48CB0026A291 /* Foundation.framework in Frameworks */,
				AAD8F9F314DC48CB0026A291 /* CoreGraphics.framework in Frameworks */,
			);
			runOnlyForDeploymentPostprocessing = 0;
		};
/* End PBXFrameworksBuildPhase section */

/* Begin PBXGroup section */
		AAD8F9DF14DC48CB0026A291 = {
			isa = PBXGroup;
			children = (
				AAD8F9F414DC48CB0026A291 /* HelloWorld */,
				AAD8F9ED14DC48CB0026A291 /* Frameworks */,
				AAD8F9EB14DC48CB0026A291 /* Products */,
			);
			sourceTree = "<group>";
		};
		AAD8F9EB14DC48CB0026A291 /* Products */ = {
			isa = PBXGroup;
			children = (
				AAD8F9EA14DC48CB0026A291 /* HelloWorld.app */,
			);
			name = Products;
			sourceTree = "<group>";
		};
		AAD8F9ED14DC48CB0026A291 /* Frameworks */ = {
			isa = PBXGroup;
			children = (
				AAD8F9EE14DC48CB0026A291 /* UIKit.framework */,
				AAD8F9F014DC48CB0026A291 /* Foundation.framework */,
				AAD8F9F214DC48CB0026A291 /* CoreGraphics.framework */,
			);
			name = Frameworks;
			sourceTree = "<group>";
		};
		AAD8F9F414DC48CB0026A291 /* HelloWorld */ = {
			isa = PBXGroup;
			children = (
				AAD8F9FD14DC48CB0026A291 /* MKDAppDelegate.h */,
				AAD8F9FE14DC48CB0026A291 /* MKDAppDelegate.m */,
				AAD8FA0014DC48CB0026A291 /* MainStoryboard_iPhone.storyboard */,
				AAD8FA0314DC48CB0026A291 /* MainStoryboard_iPad.storyboard */,
				AAD8FA0614DC48CB0026A291 /* MKDViewController.h */,
				AAD8FA0714DC48CB0026A291 /* MKDViewController.m */,
				AAD8F9F514DC48CB0026A291 /* Supporting Files */,
			);
			path = HelloWorld;
			sourceTree = "<group>";
		};
		AAD8F9F514DC48CB0026A291 /* Supporting Files */ = {
			isa = PBXGroup;
			children = (
				AAD8F9F614DC48CB0026A291 /* HelloWorld-Info.plist */,
				AAD8F9F714DC48CB0026A291 /* InfoPlist.strings */,
				AAD8F9FA14DC48CB0026A291 /* main.m */,
				AAD8F9FC14DC48CB0026A291 /* HelloWorld-Prefix.pch */,
			);
			name = "Supporting Files";
			sourceTree = "<group>";
		};
/* End PBXGroup section */

/* Begin PBXNativeTarget section */
		AAD8F9E914DC48CB0026A291 /* HelloWorld */ = {
			isa = PBXNativeTarget;
			buildConfigurationList = AAD8FA0B14DC48CB0026A291 /* Build configuration list for PBXNativeTarget "HelloWorld" */;
			buildPhases = (
				AAD8F9E614DC48CB0026A291 /* Sources */,
				AAD8F9E714DC48CB0026A291 /* Frameworks */,
				AAD8F9E814DC48CB0026A291 /* Resources */,
			);
			buildRules = (
			);
			dependencies = (
			);
			name = HelloWorld;
			productName = HelloWorld;
			productReference = AAD8F9EA14DC48CB0026A291 /* HelloWorld.app */;
			productType = "com.apple.product-type.application";
		};
/* End PBXNativeTarget section */

/* Begin PBXProject section */
		AAD8F9E114DC48CB0026A291 /* Project object */ = {
			isa = PBXProject;
			attributes = {
				LastUpgradeCheck = 0420;
			};
			buildConfigurationList = AAD8F9E414DC48CB0026A291 /* Build configuration list for PBXProject "HelloWorld" */;
			compatibilityVersion = "Xcode 3.2";
			developmentRegion = English;
			hasScannedForEncodings = 0;
			knownRegions = (
				en,
			);
			mainGroup = AAD8F9DF14DC48CB0026A291;
			productRefGroup = AAD8F9EB14DC48CB0026A291 /* Products */;
			projectDirPath = "";
			projectRoot = "";
			targets = (
				AAD8F9E914DC48CB0026A291 /* HelloWorld */,
			);
		};
/* End PBXProject section */

/* Begin PBXResourcesBuildPhase section */
		AAD8F9E814DC48CB0026A291 /* Resources */ = {
			isa = PBXResourcesBuildPhase;
			buildActionMask = 2147483647;
			files = (
				AAD8F9F914DC48CB0026A291 /* InfoPlist.strings in Resources */,
				AAD8FA0214DC48CB0026A291 /* MainStoryboard_iPhone.storyboard in Resources */,
				AAD8FA0514DC48CB0026A291 /* MainStoryboard_iPad.storyboard in Resources */,
			);
			runOnlyForDeploymentPostprocessing = 0;
		};
/* End PBXResourcesBuildPhase section */

/* Begin PBXSourcesBuildPhase section */
		AAD8F9E614DC48CB0026A291 /* Sources */ = {
			isa = PBXSourcesBuildPhase;
			buildActionMask = 2147483647;
			files = (
				AAD8F9FB14DC48CB0026A291 /* main.m in Sources */,
				AAD8F9FF14DC48CB0026A291 /* MKDAppDelegate.m in Sources */,
				AAD8FA0814DC48CB0026A291 /* MKDViewController.m in Sources */,
			);
			runOnlyForDeploymentPostprocessing = 0;
		};
/* End PBXSourcesBuildPhase section */

/* Begin PBXVariantGroup section */
		AAD8F9F714DC48CB0026A291 /* InfoPlist.strings */ = {
			isa = PBXVariantGroup;
			children = (
				AAD8F9F814DC48CB0026A291 /* en */,
			);
			name = InfoPlist.strings;
			sourceTree = "<group>";
		};
		AAD8FA0014DC48CB0026A291 /* MainStoryboard_iPhone.storyboard */ = {
			isa = PBXVariantGroup;
			children = (
				AAD8FA0114DC48CB0026A291 /* en */,
			);
			name = MainStoryboard_iPhone.storyboard;
			sourceTree = "<group>";
		};
		AAD8FA0314DC48CB0026A291 /* MainStoryboard_iPad.storyboard */ = {
			isa = PBXVariantGroup;
			children = (
				AAD8FA0414DC48CB0026A291 /* en */,
			);
			name = MainStoryboard_iPad.storyboard;
			sourceTree = "<group>";
		};
/* End PBXVariantGroup section */

/* Begin XCBuildConfiguration section */
		AAD8FA0914DC48CB0026A291 /* Debug */ = {
			isa = XCBuildConfiguration;
			buildSettings = {
				ALWAYS_SEARCH_USER_PATHS = NO;
				ARCHS = "$(ARCHS_STANDARD_32_BIT)";
				"CODE_SIGN_IDENTITY[sdk=iphoneos*]" = "iPhone Developer";
				COPY_PHASE_STRIP = NO;
				GCC_C_LANGUAGE_STANDARD = gnu99;
				GCC_DYNAMIC_NO_PIC = NO;
				GCC_OPTIMIZATION_LEVEL = 0;
				GCC_PREPROCESSOR_DEFINITIONS = (
					"DEBUG=1",
					"$(inherited)",
				);
				GCC_SYMBOLS_PRIVATE_EXTERN = NO;
				GCC_VERSION = com.apple.compilers.llvm.clang.1_0;
				GCC_WARN_ABOUT_MISSING_PROTOTYPES = YES;
				GCC_WARN_ABOUT_RETURN_TYPE = YES;
				GCC_WARN_UNUSED_VARIABLE = YES;
				IPHONEOS_DEPLOYMENT_TARGET = 5.0;
				SDKROOT = iphoneos;
				TARGETED_DEVICE_FAMILY = "1,2";
			};
			name = Debug;
		};
		AAD8FA0A14DC48CB0026A291 /* Release */ = {
			isa = XCBuildConfiguration;
			buildSettings = {
				ALWAYS_SEARCH_USER_PATHS = NO;
				ARCHS = "$(ARCHS_STANDARD_32_BIT)";
				"CODE_SIGN_IDENTITY[sdk=iphoneos*]" = "iPhone Developer";
				COPY_PHASE_STRIP = YES;
				GCC_C_LANGUAGE_STANDARD = gnu99;
				GCC_VERSION = com.apple.compilers.llvm.clang.1_0;
				GCC_WARN_ABOUT_MISSING_PROTOTYPES = YES;
				GCC_WARN_ABOUT_RETURN_TYPE = YES;
				GCC_WARN_UNUSED_VARIABLE = YES;
				IPHONEOS_DEPLOYMENT_TARGET = 5.0;
				OTHER_CFLAGS = "-DNS_BLOCK_ASSERTIONS=1";
				SDKROOT = iphoneos;
				TARGETED_DEVICE_FAMILY = "1,2";
				VALIDATE_PRODUCT = YES;
			};
			name = Release;
		};
		AAD8FA0C14DC48CB0026A291 /* Debug */ = {
			isa = XCBuildConfiguration;
			buildSettings = {
				GCC_PRECOMPILE_PREFIX_HEADER = YES;
				GCC_PREFIX_HEADER = "HelloWorld/HelloWorld-Prefix.pch";
				INFOPLIST_FILE = "HelloWorld/HelloWorld-Info.plist";
				PRODUCT_NAME = "$(TARGET_NAME)";
				WRAPPER_EXTENSION = app;
			};
			name = Debug;
		};
		AAD8FA0D14DC48CB0026A291 /* Release */ = {
			isa = XCBuildConfiguration;
			buildSettings = {
				GCC_PRECOMPILE_PREFIX_HEADER = YES;
				GCC_PREFIX_HEADER = "HelloWorld/HelloWorld-Prefix.pch";
				INFOPLIST_FILE = "HelloWorld/HelloWorld-Info.plist";
				PRODUCT_NAME = "$(TARGET_NAME)";
				WRAPPER_EXTENSION = app;
			};
			name = Release;
		};
/* End XCBuildConfiguration section */

/* Begin XCConfigurationList section */
		AAD8F9E414DC48CB0026A291 /* Build configuration list for PBXProject "HelloWorld" */ = {
			isa = XCConfigurationList;
			buildConfigurations = (
				AAD8FA0914DC48CB0026A291 /* Debug */,
				AAD8FA0A14DC48CB0026A291 /* Release */,
			);
			defaultConfigurationIsVisible = 0;
			defaultConfigurationName = Release;
		};
		AAD8FA0B14DC48CB0026A291 /* Build configuration list for PBXNativeTarget "HelloWorld" */ = {
			isa = XCConfigurationList;
			buildConfigurations = (
				AAD8FA0C14DC48CB0026A291 /* Debug */,
				AAD8FA0D14DC48CB0026A291 /* Release */,
			);
			defaultConfigurationIsVisible = 0;
		};
/* End XCConfigurationList section */
	};
	rootObject = AAD8F9E114DC48CB0026A291 /* Project object */;
}
